
Microsoft Visual Studio Solution File, Format Version 12.00
# Visual Studio 15
VisualStudioVersion = 15.0.26403.7
MinimumVisualStudioVersion = 10.0.40219.1
Project("{FAE04EC0-301F-11D3-BF4B-00C04F79EFBC}") = "UwpTestground", "UwpTestground\UwpTestground.csproj", "{CDA8FB3E-61B7-4C92-A9F1-596DBAF93C72}"
EndProject
Project("{FAE04EC0-301F-11D3-BF4B-00C04F79EFBC}") = "ChirpTest", "ChirpTest\ChirpTest.csproj", "{13ED5445-F81F-4C9A-8FE2-DF8A0677E9A5}"
EndProject
Project("{9A19103F-16F7-4668-BE54-9A1E7A4F7556}") = "Chirp", "Chirp\Chirp.csproj", "{3626EFEE-E19E-40EA-9859-9EDF91A12FFD}"
EndProject
Project("{9A19103F-16F7-4668-BE54-9A1E7A4F7556}") = "Parus", "Parus\Parus.csproj", "{4B6892D0-ECCE-48F8-84A5-2527E5E16109}"
EndProject
Project("{FAE04EC0-301F-11D3-BF4B-00C04F79EFBC}") = "Parus.UwpEngine", "Parus.Core.UwpEngine\Parus.UwpEngine.csproj", "{D2EA278D-7E8B-485A-8865-1F1B543958DD}"
EndProject
Global
	GlobalSection(SolutionConfigurationPlatforms) = preSolution
		Debug|Any CPU = Debug|Any CPU
		Debug|ARM = Debug|ARM
		Debug|x64 = Debug|x64
		Debug|x86 = Debug|x86
		Release|Any CPU = Release|Any CPU
		Release|ARM = Release|ARM
		Release|x64 = Release|x64
		Release|x86 = Release|x86
	EndGlobalSection
	GlobalSection(ProjectConfigurationPlatforms) = postSolution
		{CDA8FB3E-61B7-4C92-A9F1-596DBAF93C72}.Debug|Any CPU.ActiveCfg = Debug|x86
		{CDA8FB3E-61B7-4C92-A9F1-596DBAF93C72}.Debug|ARM.ActiveCfg = Debug|ARM
		{CDA8FB3E-61B7-4C92-A9F1-596DBAF93C72}.Debug|ARM.Build.0 = Debug|ARM
		{CDA8FB3E-61B7-4C92-A9F1-596DBAF93C72}.Debug|ARM.Deploy.0 = Debug|ARM
		{CDA8FB3E-61B7-4C92-A9F1-596DBAF93C72}.Debug|x64.ActiveCfg = Debug|x64
		{CDA8FB3E-61B7-4C92-A9F1-596DBAF93C72}.Debug|x64.Build.0 = Debug|x64
		{CDA8FB3E-61B7-4C92-A9F1-596DBAF93C72}.Debug|x64.Deploy.0 = Debug|x64
		{CDA8FB3E-61B7-4C92-A9F1-596DBAF93C72}.Debug|x86.ActiveCfg = Debug|x86
		{CDA8FB3E-61B7-4C92-A9F1-596DBAF93C72}.Debug|x86.Build.0 = Debug|x86
		{CDA8FB3E-61B7-4C92-A9F1-596DBAF93C72}.Debug|x86.Deploy.0 = Debug|x86
		{CDA8FB3E-61B7-4C92-A9F1-596DBAF93C72}.Release|Any CPU.ActiveCfg = Release|x86
		{CDA8FB3E-61B7-4C92-A9F1-596DBAF93C72}.Release|ARM.ActiveCfg = Release|ARM
		{CDA8FB3E-61B7-4C92-A9F1-596DBAF93C72}.Release|ARM.Build.0 = Release|ARM
		{CDA8FB3E-61B7-4C92-A9F1-596DBAF93C72}.Release|ARM.Deploy.0 = Release|ARM
		{CDA8FB3E-61B7-4C92-A9F1-596DBAF93C72}.Release|x64.ActiveCfg = Release|x64
		{CDA8FB3E-61B7-4C92-A9F1-596DBAF93C72}.Release|x64.Build.0 = Release|x64
		{CDA8FB3E-61B7-4C92-A9F1-596DBAF93C72}.Release|x64.Deploy.0 = Release|x64
		{CDA8FB3E-61B7-4C92-A9F1-596DBAF93C72}.Release|x86.ActiveCfg = Release|x86
		{CDA8FB3E-61B7-4C92-A9F1-596DBAF93C72}.Release|x86.Build.0 = Release|x86
		{CDA8FB3E-61B7-4C92-A9F1-596DBAF93C72}.Release|x86.Deploy.0 = Release|x86
		{13ED5445-F81F-4C9A-8FE2-DF8A0677E9A5}.Debug|Any CPU.ActiveCfg = Debug|Any CPU
		{13ED5445-F81F-4C9A-8FE2-DF8A0677E9A5}.Debug|Any CPU.Build.0 = Debug|Any CPU
		{13ED5445-F81F-4C9A-8FE2-DF8A0677E9A5}.Debug|ARM.ActiveCfg = Debug|Any CPU
		{13ED5445-F81F-4C9A-8FE2-DF8A0677E9A5}.Debug|ARM.Build.0 = Debug|Any CPU
		{13ED5445-F81F-4C9A-8FE2-DF8A0677E9A5}.Debug|x64.ActiveCfg = Debug|Any CPU
		{13ED5445-F81F-4C9A-8FE2-DF8A0677E9A5}.Debug|x64.Build.0 = Debug|Any CPU
		{13ED5445-F81F-4C9A-8FE2-DF8A0677E9A5}.Debug|x86.ActiveCfg = Debug|Any CPU
		{13ED5445-F81F-4C9A-8FE2-DF8A0677E9A5}.Debug|x86.Build.0 = Debug|Any CPU
		{13ED5445-F81F-4C9A-8FE2-DF8A0677E9A5}.Release|Any CPU.ActiveCfg = Release|Any CPU
		{13ED5445-F81F-4C9A-8FE2-DF8A0677E9A5}.Release|Any CPU.Build.0 = Release|Any CPU
		{13ED5445-F81F-4C9A-8FE2-DF8A0677E9A5}.Release|ARM.ActiveCfg = Release|Any CPU
		{13ED5445-F81F-4C9A-8FE2-DF8A0677E9A5}.Release|ARM.Build.0 = Release|Any CPU
		{13ED5445-F81F-4C9A-8FE2-DF8A0677E9A5}.Release|x64.ActiveCfg = Release|Any CPU
		{13ED5445-F81F-4C9A-8FE2-DF8A0677E9A5}.Release|x64.Build.0 = Release|Any CPU
		{13ED5445-F81F-4C9A-8FE2-DF8A0677E9A5}.Release|x86.ActiveCfg = Release|Any CPU
		{13ED5445-F81F-4C9A-8FE2-DF8A0677E9A5}.Release|x86.Build.0 = Release|Any CPU
		{3626EFEE-E19E-40EA-9859-9EDF91A12FFD}.Debug|Any CPU.ActiveCfg = Debug|Any CPU
		{3626EFEE-E19E-40EA-9859-9EDF91A12FFD}.Debug|Any CPU.Build.0 = Debug|Any CPU
		{3626EFEE-E19E-40EA-9859-9EDF91A12FFD}.Debug|ARM.ActiveCfg = Debug|Any CPU
		{3626EFEE-E19E-40EA-9859-9EDF91A12FFD}.Debug|ARM.Build.0 = Debug|Any CPU
		{3626EFEE-E19E-40EA-9859-9EDF91A12FFD}.Debug|x64.ActiveCfg = Debug|Any CPU
		{3626EFEE-E19E-40EA-9859-9EDF91A12FFD}.Debug|x64.Build.0 = Debug|Any CPU
		{3626EFEE-E19E-40EA-9859-9EDF91A12FFD}.Debug|x86.ActiveCfg = Debug|Any CPU
		{3626EFEE-E19E-40EA-9859-9EDF91A12FFD}.Debug|x86.Build.0 = Debug|Any CPU
		{3626EFEE-E19E-40EA-9859-9EDF91A12FFD}.Release|Any CPU.ActiveCfg = Release|Any CPU
		{3626EFEE-E19E-40EA-9859-9EDF91A12FFD}.Release|Any CPU.Build.0 = Release|Any CPU
		{3626EFEE-E19E-40EA-9859-9EDF91A12FFD}.Release|ARM.ActiveCfg = Release|Any CPU
		{3626EFEE-E19E-40EA-9859-9EDF91A12FFD}.Release|ARM.Build.0 = Release|Any CPU
		{3626EFEE-E19E-40EA-9859-9EDF91A12FFD}.Release|x64.ActiveCfg = Release|Any CPU
		{3626EFEE-E19E-40EA-9859-9EDF91A12FFD}.Release|x64.Build.0 = Release|Any CPU
		{3626EFEE-E19E-40EA-9859-9EDF91A12FFD}.Release|x86.ActiveCfg = Release|Any CPU
		{3626EFEE-E19E-40EA-9859-9EDF91A12FFD}.Release|x86.Build.0 = Release|Any CPU
		{4B6892D0-ECCE-48F8-84A5-2527E5E16109}.Debug|Any CPU.ActiveCfg = Debug|Any CPU
		{4B6892D0-ECCE-48F8-84A5-2527E5E16109}.Debug|Any CPU.Build.0 = Debug|Any CPU
		{4B6892D0-ECCE-48F8-84A5-2527E5E16109}.Debug|ARM.ActiveCfg = Debug|Any CPU
		{4B6892D0-ECCE-48F8-84A5-2527E5E16109}.Debug|ARM.Build.0 = Debug|Any CPU
		{4B6892D0-ECCE-48F8-84A5-2527E5E16109}.Debug|x64.ActiveCfg = Debug|Any CPU
		{4B6892D0-ECCE-48F8-84A5-2527E5E16109}.Debug|x64.Build.0 = Debug|Any CPU
		{4B6892D0-ECCE-48F8-84A5-2527E5E16109}.Debug|x86.ActiveCfg = Debug|Any CPU
		{4B6892D0-ECCE-48F8-84A5-2527E5E16109}.Debug|x86.Build.0 = Debug|Any CPU
		{4B6892D0-ECCE-48F8-84A5-2527E5E16109}.Release|Any CPU.ActiveCfg = Release|Any CPU
		{4B6892D0-ECCE-48F8-84A5-2527E5E16109}.Release|Any CPU.Build.0 = Release|Any CPU
		{4B6892D0-ECCE-48F8-84A5-2527E5E16109}.Release|ARM.ActiveCfg = Release|Any CPU
		{4B6892D0-ECCE-48F8-84A5-2527E5E16109}.Release|ARM.Build.0 = Release|Any CPU
		{4B6892D0-ECCE-48F8-84A5-2527E5E16109}.Release|x64.ActiveCfg = Release|Any CPU
		{4B6892D0-ECCE-48F8-84A5-2527E5E16109}.Release|x64.Build.0 = Release|Any CPU
		{4B6892D0-ECCE-48F8-84A5-2527E5E16109}.Release|x86.ActiveCfg = Release|Any CPU
		{4B6892D0-ECCE-48F8-84A5-2527E5E16109}.Release|x86.Build.0 = Release|Any CPU
		{D2EA278D-7E8B-485A-8865-1F1B543958DD}.Debug|Any CPU.ActiveCfg = Debug|Any CPU
		{D2EA278D-7E8B-485A-8865-1F1B543958DD}.Debug|Any CPU.Build.0 = Debug|Any CPU
		{D2EA278D-7E8B-485A-8865-1F1B543958DD}.Debug|ARM.ActiveCfg = Debug|ARM
		{D2EA278D-7E8B-485A-8865-1F1B543958DD}.Debug|ARM.Build.0 = Debug|ARM
		{D2EA278D-7E8B-485A-8865-1F1B543958DD}.Debug|x64.ActiveCfg = Debug|x64
		{D2EA278D-7E8B-485A-8865-1F1B543958DD}.Debug|x64.Build.0 = Debug|x64
		{D2EA278D-7E8B-485A-8865-1F1B543958DD}.Debug|x86.ActiveCfg = Debug|x86
		{D2EA278D-7E8B-485A-8865-1F1B543958DD}.Debug|x86.Build.0 = Debug|x86
		{D2EA278D-7E8B-485A-8865-1F1B543958DD}.Release|Any CPU.ActiveCfg = Release|Any CPU
		{D2EA278D-7E8B-485A-8865-1F1B543958DD}.Release|Any CPU.Build.0 = Release|Any CPU
		{D2EA278D-7E8B-485A-8865-1F1B543958DD}.Release|ARM.ActiveCfg = Release|ARM
		{D2EA278D-7E8B-485A-8865-1F1B543958DD}.Release|ARM.Build.0 = Release|ARM
		{D2EA278D-7E8B-485A-8865-1F1B543958DD}.Release|x64.ActiveCfg = Release|x64
		{D2EA278D-7E8B-485A-8865-1F1B543958DD}.Release|x64.Build.0 = Release|x64
		{D2EA278D-7E8B-485A-8865-1F1B543958DD}.Release|x86.ActiveCfg = Release|x86
		{D2EA278D-7E8B-485A-8865-1F1B543958DD}.Release|x86.Build.0 = Release|x86
	EndGlobalSection
	GlobalSection(SolutionProperties) = preSolution
		HideSolutionNode = FALSE
	EndGlobalSection
	GlobalSection(ExtensibilityGlobals) = postSolution
		SolutionGuid = {1C202CB1-6C03-43B4-8B0D-0CE6D31E91BD}
	EndGlobalSection
EndGlobal
